// !$*UTF8*$!
{
	archiveVersion = 1;
	classes = {
	};
	objectVersion = 77;
	objects = {

/* Begin PBXBuildFile section */
		171B53A62E54107F002A72FB /* SwiftSoup in Frameworks */ = {isa = PBXBuildFile; productRef = 171B53A52E54107F002A72FB /* SwiftSoup */; };
		171B53AC2E558F40002A72FB /* Color+Custom.swift in Sources */ = {isa = PBXBuildFile; fileRef = 171B53A92E558F40002A72FB /* Color+Custom.swift */; };
/* End PBXBuildFile section */

/* Begin PBXContainerItemProxy section */
		171B537E2E53A6BB002A72FB /* PBXContainerItemProxy */ = {
			isa = PBXContainerItemProxy;
			containerPortal = 171B53682E53A6BA002A72FB /* Project object */;
			proxyType = 1;
			remoteGlobalIDString = 171B536F2E53A6BA002A72FB;
			remoteInfo = "My Test App";
		};
		171B53882E53A6BB002A72FB /* PBXContainerItemProxy */ = {
			isa = PBXContainerItemProxy;
			containerPortal = 171B53682E53A6BA002A72FB /* Project object */;
			proxyType = 1;
			remoteGlobalIDString = 171B536F2E53A6BA002A72FB;
			remoteInfo = "My Test App";
		};
/* End PBXContainerItemProxy section */

/* Begin PBXFileReference section */
		171B53702E53A6BA002A72FB /* Shiori (栞).app */ = {isa = PBXFileReference; explicitFileType = wrapper.application; includeInIndex = 0; path = "Shiori (栞).app"; sourceTree = BUILT_PRODUCTS_DIR; };
		171B537D2E53A6BB002A72FB /* Shiori (栞)Tests.xctest */ = {isa = PBXFileReference; explicitFileType = wrapper.cfbundle; includeInIndex = 0; path = "Shiori (栞)Tests.xctest"; sourceTree = BUILT_PRODUCTS_DIR; };
		171B53872E53A6BB002A72FB /* Shiori (栞)UITests.xctest */ = {isa = PBXFileReference; explicitFileType = wrapper.cfbundle; includeInIndex = 0; path = "Shiori (栞)UITests.xctest"; sourceTree = BUILT_PRODUCTS_DIR; };
		171B53A92E558F40002A72FB /* Color+Custom.swift */ = {isa = PBXFileReference; lastKnownFileType = sourcecode.swift; path = "Color+Custom.swift"; sourceTree = "<group>"; };
/* End PBXFileReference section */

/* Begin PBXFileSystemSynchronizedRootGroup section */
		171B53722E53A6BA002A72FB /* Shiori (栞) */ = {
			isa = PBXFileSystemSynchronizedRootGroup;
			path = "Shiori (栞)";
			sourceTree = "<group>";
		};
		171B53802E53A6BB002A72FB /* Shiori (栞)Tests */ = {
			isa = PBXFileSystemSynchronizedRootGroup;
			path = "Shiori (栞)Tests";
			sourceTree = "<group>";
		};
		171B538A2E53A6BB002A72FB /* Shiori (栞)UITests */ = {
			isa = PBXFileSystemSynchronizedRootGroup;
			path = "Shiori (栞)UITests";
			sourceTree = "<group>";
		};
/* End PBXFileSystemSynchronizedRootGroup section */

/* Begin PBXFrameworksBuildPhase section */
		171B536D2E53A6BA002A72FB /* Frameworks */ = {
			isa = PBXFrameworksBuildPhase;
			buildActionMask = 2147483647;
			files = (
				171B53A62E54107F002A72FB /* SwiftSoup in Frameworks */,
			);
			runOnlyForDeploymentPostprocessing = 0;
		};
		171B537A2E53A6BB002A72FB /* Frameworks */ = {
			isa = PBXFrameworksBuildPhase;
			buildActionMask = 2147483647;
			files = (
			);
			runOnlyForDeploymentPostprocessing = 0;
		};
		171B53842E53A6BB002A72FB /* Frameworks */ = {
			isa = PBXFrameworksBuildPhase;
			buildActionMask = 2147483647;
			files = (
			);
			runOnlyForDeploymentPostprocessing = 0;
		};
/* End PBXFrameworksBuildPhase section */

/* Begin PBXGroup section */
		171B53672E53A6BA002A72FB = {
			isa = PBXGroup;
			children = (
				171B53722E53A6BA002A72FB /* Shiori (栞) */,
				171B53802E53A6BB002A72FB /* Shiori (栞)Tests */,
				171B538A2E53A6BB002A72FB /* Shiori (栞)UITests */,
				171B53712E53A6BA002A72FB /* Products */,
				171B53AB2E558F40002A72FB /* Shiori */,
			);
			sourceTree = "<group>";
		};
		171B53712E53A6BA002A72FB /* Products */ = {
			isa = PBXGroup;
			children = (
				171B53702E53A6BA002A72FB /* Shiori (栞).app */,
				171B537D2E53A6BB002A72FB /* Shiori (栞)Tests.xctest */,
				171B53872E53A6BB002A72FB /* Shiori (栞)UITests.xctest */,
			);
			name = Products;
			sourceTree = "<group>";
		};
		171B53AA2E558F40002A72FB /* Extensions */ = {
			isa = PBXGroup;
			children = (
				171B53A92E558F40002A72FB /* Color+Custom.swift */,
			);
			path = Extensions;
			sourceTree = "<group>";
		};
		171B53AB2E558F40002A72FB /* Shiori */ = {
			isa = PBXGroup;
			children = (
				171B53AA2E558F40002A72FB /* Extensions */,
			);
			path = Shiori;
			sourceTree = "<group>";
		};
/* End PBXGroup section */

/* Begin PBXNativeTarget section */
		171B536F2E53A6BA002A72FB /* Shiori (栞) */ = {
			isa = PBXNativeTarget;
			buildConfigurationList = 171B53912E53A6BB002A72FB /* Build configuration list for PBXNativeTarget "Shiori (栞)" */;
			buildPhases = (
				171B536C2E53A6BA002A72FB /* Sources */,
				171B536D2E53A6BA002A72FB /* Frameworks */,
				171B536E2E53A6BA002A72FB /* Resources */,
			);
			buildRules = (
			);
			dependencies = (
			);
			fileSystemSynchronizedGroups = (
				171B53722E53A6BA002A72FB /* Shiori (栞) */,
			);
			name = "Shiori (栞)";
			packageProductDependencies = (
				171B53A52E54107F002A72FB /* SwiftSoup */,
			);
			productName = "My Test App";
			productReference = 171B53702E53A6BA002A72FB /* Shiori (栞).app */;
			productType = "com.apple.product-type.application";
		};
		171B537C2E53A6BB002A72FB /* Shiori (栞)Tests */ = {
			isa = PBXNativeTarget;
			buildConfigurationList = 171B53942E53A6BB002A72FB /* Build configuration list for PBXNativeTarget "Shiori (栞)Tests" */;
			buildPhases = (
				171B53792E53A6BB002A72FB /* Sources */,
				171B537A2E53A6BB002A72FB /* Frameworks */,
				171B537B2E53A6BB002A72FB /* Resources */,
			);
			buildRules = (
			);
			dependencies = (
				171B537F2E53A6BB002A72FB /* PBXTargetDependency */,
			);
			fileSystemSynchronizedGroups = (
				171B53802E53A6BB002A72FB /* Shiori (栞)Tests */,
			);
			name = "Shiori (栞)Tests";
			packageProductDependencies = (
			);
			productName = "My Test AppTests";
			productReference = 171B537D2E53A6BB002A72FB /* Shiori (栞)Tests.xctest */;
			productType = "com.apple.product-type.bundle.unit-test";
		};
		171B53862E53A6BB002A72FB /* Shiori (栞)UITests */ = {
			isa = PBXNativeTarget;
			buildConfigurationList = 171B53972E53A6BB002A72FB /* Build configuration list for PBXNativeTarget "Shiori (栞)UITests" */;
			buildPhases = (
				171B53832E53A6BB002A72FB /* Sources */,
				171B53842E53A6BB002A72FB /* Frameworks */,
				171B53852E53A6BB002A72FB /* Resources */,
			);
			buildRules = (
			);
			dependencies = (
				171B53892E53A6BB002A72FB /* PBXTargetDependency */,
			);
			fileSystemSynchronizedGroups = (
				171B538A2E53A6BB002A72FB /* Shiori (栞)UITests */,
			);
			name = "Shiori (栞)UITests";
			packageProductDependencies = (
			);
			productName = "My Test AppUITests";
			productReference = 171B53872E53A6BB002A72FB /* Shiori (栞)UITests.xctest */;
			productType = "com.apple.product-type.bundle.ui-testing";
		};
/* End PBXNativeTarget section */

/* Begin PBXProject section */
		171B53682E53A6BA002A72FB /* Project object */ = {
			isa = PBXProject;
			attributes = {
				BuildIndependentTargetsInParallel = 1;
				LastSwiftUpdateCheck = 1640;
				LastUpgradeCheck = 1640;
				TargetAttributes = {
					171B536F2E53A6BA002A72FB = {
						CreatedOnToolsVersion = 16.4;
					};
					171B537C2E53A6BB002A72FB = {
						CreatedOnToolsVersion = 16.4;
						TestTargetID = 171B536F2E53A6BA002A72FB;
					};
					171B53862E53A6BB002A72FB = {
						CreatedOnToolsVersion = 16.4;
						TestTargetID = 171B536F2E53A6BA002A72FB;
					};
				};
			};
			buildConfigurationList = 171B536B2E53A6BA002A72FB /* Build configuration list for PBXProject "Shiori (栞)" */;
			developmentRegion = en;
			hasScannedForEncodings = 0;
			knownRegions = (
				en,
				Base,
			);
			mainGroup = 171B53672E53A6BA002A72FB;
			minimizedProjectReferenceProxies = 1;
			packageReferences = (
				171B53A42E54107F002A72FB /* XCRemoteSwiftPackageReference "SwiftSoup" */,
			);
			preferredProjectObjectVersion = 77;
			productRefGroup = 171B53712E53A6BA002A72FB /* Products */;
			projectDirPath = "";
			projectRoot = "";
			targets = (
				171B536F2E53A6BA002A72FB /* Shiori (栞) */,
				171B537C2E53A6BB002A72FB /* Shiori (栞)Tests */,
				171B53862E53A6BB002A72FB /* Shiori (栞)UITests */,
			);
		};
/* End PBXProject section */

/* Begin PBXResourcesBuildPhase section */
		171B536E2E53A6BA002A72FB /* Resources */ = {
			isa = PBXResourcesBuildPhase;
			buildActionMask = 2147483647;
			files = (
			);
			runOnlyForDeploymentPostprocessing = 0;
		};
		171B537B2E53A6BB002A72FB /* Resources */ = {
			isa = PBXResourcesBuildPhase;
			buildActionMask = 2147483647;
			files = (
			);
			runOnlyForDeploymentPostprocessing = 0;
		};
		171B53852E53A6BB002A72FB /* Resources */ = {
			isa = PBXResourcesBuildPhase;
			buildActionMask = 2147483647;
			files = (
			);
			runOnlyForDeploymentPostprocessing = 0;
		};
/* End PBXResourcesBuildPhase section */

/* Begin PBXSourcesBuildPhase section */
		171B536C2E53A6BA002A72FB /* Sources */ = {
			isa = PBXSourcesBuildPhase;
			buildActionMask = 2147483647;
			files = (
				171B53AC2E558F40002A72FB /* Color+Custom.swift in Sources */,
			);
			runOnlyForDeploymentPostprocessing = 0;
		};
		171B53792E53A6BB002A72FB /* Sources */ = {
			isa = PBXSourcesBuildPhase;
			buildActionMask = 2147483647;
			files = (
			);
			runOnlyForDeploymentPostprocessing = 0;
		};
		171B53832E53A6BB002A72FB /* Sources */ = {
			isa = PBXSourcesBuildPhase;
			buildActionMask = 2147483647;
			files = (
			);
			runOnlyForDeploymentPostprocessing = 0;
		};
/* End PBXSourcesBuildPhase section */

/* Begin PBXTargetDependency section */
		171B537F2E53A6BB002A72FB /* PBXTargetDependency */ = {
			isa = PBXTargetDependency;
			target = 171B536F2E53A6BA002A72FB /* Shiori (栞) */;
			targetProxy = 171B537E2E53A6BB002A72FB /* PBXContainerItemProxy */;
		};
		171B53892E53A6BB002A72FB /* PBXTargetDependency */ = {
			isa = PBXTargetDependency;
			target = 171B536F2E53A6BA002A72FB /* Shiori (栞) */;
			targetProxy = 171B53882E53A6BB002A72FB /* PBXContainerItemProxy */;
		};
/* End PBXTargetDependency section */

/* Begin XCBuildConfiguration section */
		171B538F2E53A6BB002A72FB /* Debug */ = {
			isa = XCBuildConfiguration;
			buildSettings = {
				ALWAYS_SEARCH_USER_PATHS = NO;
				ASSETCATALOG_COMPILER_GENERATE_SWIFT_ASSET_SYMBOL_EXTENSIONS = YES;
				CLANG_ANALYZER_NONNULL = YES;
				CLANG_ANALYZER_NUMBER_OBJECT_CONVERSION = YES_AGGRESSIVE;
				CLANG_CXX_LANGUAGE_STANDARD = "gnu++20";
				CLANG_ENABLE_MODULES = YES;
				CLANG_ENABLE_OBJC_ARC = YES;
				CLANG_ENABLE_OBJC_WEAK = YES;
				CLANG_WARN_BLOCK_CAPTURE_AUTORELEASING = YES;
				CLANG_WARN_BOOL_CONVERSION = YES;
				CLANG_WARN_COMMA = YES;
				CLANG_WARN_CONSTANT_CONVERSION = YES;
				CLANG_WARN_DEPRECATED_OBJC_IMPLEMENTATIONS = YES;
				CLANG_WARN_DIRECT_OBJC_ISA_USAGE = YES_ERROR;
				CLANG_WARN_DOCUMENTATION_COMMENTS = YES;
				CLANG_WARN_EMPTY_BODY = YES;
				CLANG_WARN_ENUM_CONVERSION = YES;
				CLANG_WARN_INFINITE_RECURSION = YES;
				CLANG_WARN_INT_CONVERSION = YES;
				CLANG_WARN_NON_LITERAL_NULL_CONVERSION = YES;
				CLANG_WARN_OBJC_IMPLICIT_RETAIN_SELF = YES;
				CLANG_WARN_OBJC_LITERAL_CONVERSION = YES;
				CLANG_WARN_OBJC_ROOT_CLASS = YES_ERROR;
				CLANG_WARN_QUOTED_INCLUDE_IN_FRAMEWORK_HEADER = YES;
				CLANG_WARN_RANGE_LOOP_ANALYSIS = YES;
				CLANG_WARN_STRICT_PROTOTYPES = YES;
				CLANG_WARN_SUSPICIOUS_MOVE = YES;
				CLANG_WARN_UNGUARDED_AVAILABILITY = YES_AGGRESSIVE;
				CLANG_WARN_UNREACHABLE_CODE = YES;
				CLANG_WARN__DUPLICATE_METHOD_MATCH = YES;
				COPY_PHASE_STRIP = NO;
				DEBUG_INFORMATION_FORMAT = dwarf;
				DEVELOPMENT_TEAM = D38CT2GDC2;
				ENABLE_STRICT_OBJC_MSGSEND = YES;
				ENABLE_TESTABILITY = YES;
				ENABLE_USER_SCRIPT_SANDBOXING = YES;
				GCC_C_LANGUAGE_STANDARD = gnu17;
				GCC_DYNAMIC_NO_PIC = NO;
				GCC_NO_COMMON_BLOCKS = YES;
				GCC_OPTIMIZATION_LEVEL = 0;
				GCC_PREPROCESSOR_DEFINITIONS = (
					"DEBUG=1",
					"$(inherited)",
				);
				GCC_WARN_64_TO_32_BIT_CONVERSION = YES;
				GCC_WARN_ABOUT_RETURN_TYPE = YES_ERROR;
				GCC_WARN_UNDECLARED_SELECTOR = YES;
				GCC_WARN_UNINITIALIZED_AUTOS = YES_AGGRESSIVE;
				GCC_WARN_UNUSED_FUNCTION = YES;
				GCC_WARN_UNUSED_VARIABLE = YES;
				IPHONEOS_DEPLOYMENT_TARGET = 18.5;
				LOCALIZATION_PREFERS_STRING_CATALOGS = YES;
				MTL_ENABLE_DEBUG_INFO = INCLUDE_SOURCE;
				MTL_FAST_MATH = YES;
				ONLY_ACTIVE_ARCH = YES;
				SDKROOT = iphoneos;
				SWIFT_ACTIVE_COMPILATION_CONDITIONS = "DEBUG $(inherited)";
				SWIFT_OPTIMIZATION_LEVEL = "-Onone";
			};
			name = Debug;
		};
		171B53902E53A6BB002A72FB /* Release */ = {
			isa = XCBuildConfiguration;
			buildSettings = {
				ALWAYS_SEARCH_USER_PATHS = NO;
				ASSETCATALOG_COMPILER_GENERATE_SWIFT_ASSET_SYMBOL_EXTENSIONS = YES;
				CLANG_ANALYZER_NONNULL = YES;
				CLANG_ANALYZER_NUMBER_OBJECT_CONVERSION = YES_AGGRESSIVE;
				CLANG_CXX_LANGUAGE_STANDARD = "gnu++20";
				CLANG_ENABLE_MODULES = YES;
				CLANG_ENABLE_OBJC_ARC = YES;
				CLANG_ENABLE_OBJC_WEAK = YES;
				CLANG_WARN_BLOCK_CAPTURE_AUTORELEASING = YES;
				CLANG_WARN_BOOL_CONVERSION = YES;
				CLANG_WARN_COMMA = YES;
				CLANG_WARN_CONSTANT_CONVERSION = YES;
				CLANG_WARN_DEPRECATED_OBJC_IMPLEMENTATIONS = YES;
				CLANG_WARN_DIRECT_OBJC_ISA_USAGE = YES_ERROR;
				CLANG_WARN_DOCUMENTATION_COMMENTS = YES;
				CLANG_WARN_EMPTY_BODY = YES;
				CLANG_WARN_ENUM_CONVERSION = YES;
				CLANG_WARN_INFINITE_RECURSION = YES;
				CLANG_WARN_INT_CONVERSION = YES;
				CLANG_WARN_NON_LITERAL_NULL_CONVERSION = YES;
				CLANG_WARN_OBJC_IMPLICIT_RETAIN_SELF = YES;
				CLANG_WARN_OBJC_LITERAL_CONVERSION = YES;
				CLANG_WARN_OBJC_ROOT_CLASS = YES_ERROR;
				CLANG_WARN_QUOTED_INCLUDE_IN_FRAMEWORK_HEADER = YES;
				CLANG_WARN_RANGE_LOOP_ANALYSIS = YES;
				CLANG_WARN_STRICT_PROTOTYPES = YES;
				CLANG_WARN_SUSPICIOUS_MOVE = YES;
				CLANG_WARN_UNGUARDED_AVAILABILITY = YES_AGGRESSIVE;
				CLANG_WARN_UNREACHABLE_CODE = YES;
				CLANG_WARN__DUPLICATE_METHOD_MATCH = YES;
				COPY_PHASE_STRIP = NO;
				DEBUG_INFORMATION_FORMAT = "dwarf-with-dsym";
				DEVELOPMENT_TEAM = D38CT2GDC2;
				ENABLE_NS_ASSERTIONS = NO;
				ENABLE_STRICT_OBJC_MSGSEND = YES;
				ENABLE_USER_SCRIPT_SANDBOXING = YES;
				GCC_C_LANGUAGE_STANDARD = gnu17;
				GCC_NO_COMMON_BLOCKS = YES;
				GCC_WARN_64_TO_32_BIT_CONVERSION = YES;
				GCC_WARN_ABOUT_RETURN_TYPE = YES_ERROR;
				GCC_WARN_UNDECLARED_SELECTOR = YES;
				GCC_WARN_UNINITIALIZED_AUTOS = YES_AGGRESSIVE;
				GCC_WARN_UNUSED_FUNCTION = YES;
				GCC_WARN_UNUSED_VARIABLE = YES;
				IPHONEOS_DEPLOYMENT_TARGET = 18.5;
				LOCALIZATION_PREFERS_STRING_CATALOGS = YES;
				MTL_ENABLE_DEBUG_INFO = NO;
				MTL_FAST_MATH = YES;
				SDKROOT = iphoneos;
				SWIFT_COMPILATION_MODE = wholemodule;
				VALIDATE_PRODUCT = YES;
			};
			name = Release;
		};
		171B53922E53A6BB002A72FB /* Debug */ = {
			isa = XCBuildConfiguration;
			buildSettings = {
				ASSETCATALOG_COMPILER_APPICON_NAME = AppIcon;
				ASSETCATALOG_COMPILER_GLOBAL_ACCENT_COLOR_NAME = AccentColor;
				CODE_SIGN_STYLE = Automatic;
				CURRENT_PROJECT_VERSION = 1;
				DEVELOPMENT_TEAM = D38CT2GDC2;
				ENABLE_PREVIEWS = YES;
				GENERATE_INFOPLIST_FILE = YES;
				INFOPLIST_KEY_CFBundleDisplayName = "Shiori (栞)";
				INFOPLIST_KEY_UIApplicationSceneManifest_Generation = YES;
				INFOPLIST_KEY_UIApplicationSupportsIndirectInputEvents = YES;
				INFOPLIST_KEY_UILaunchScreen_Generation = YES;
				INFOPLIST_KEY_UISupportedInterfaceOrientations_iPad = "UIInterfaceOrientationPortrait UIInterfaceOrientationPortraitUpsideDown UIInterfaceOrientationLandscapeLeft UIInterfaceOrientationLandscapeRight";
				INFOPLIST_KEY_UISupportedInterfaceOrientations_iPhone = "UIInterfaceOrientationPortrait UIInterfaceOrientationLandscapeLeft UIInterfaceOrientationLandscapeRight";
				IPHONEOS_DEPLOYMENT_TARGET = 15.6;
				LD_RUNPATH_SEARCH_PATHS = (
					"$(inherited)",
					"@executable_path/Frameworks",
				);
				MARKETING_VERSION = 1.0;
				PRODUCT_BUNDLE_IDENTIFIER = me.jules.MyTestApp;
				PRODUCT_NAME = "$(TARGET_NAME)";
				SWIFT_EMIT_LOC_STRINGS = YES;
				SWIFT_VERSION = 5.0;
				TARGETED_DEVICE_FAMILY = "1,2";
			};
			name = Debug;
		};
		171B53932E53A6BB002A72FB /* Release */ = {
			isa = XCBuildConfiguration;
			buildSettings = {
				ASSETCATALOG_COMPILER_APPICON_NAME = AppIcon;
				ASSETCATALOG_COMPILER_GLOBAL_ACCENT_COLOR_NAME = AccentColor;
				CODE_SIGN_STYLE = Automatic;
				CURRENT_PROJECT_VERSION = 1;
				DEVELOPMENT_TEAM = D38CT2GDC2;
				ENABLE_PREVIEWS = YES;
				GENERATE_INFOPLIST_FILE = YES;
				INFOPLIST_KEY_CFBundleDisplayName = "Shiori (栞)";
				INFOPLIST_KEY_UIApplicationSceneManifest_Generation = YES;
				INFOPLIST_KEY_UIApplicationSupportsIndirectInputEvents = YES;
				INFOPLIST_KEY_UILaunchScreen_Generation = YES;
				INFOPLIST_KEY_UISupportedInterfaceOrientations_iPad = "UIInterfaceOrientationPortrait UIInterfaceOrientationPortraitUpsideDown UIInterfaceOrientationLandscapeLeft UIInterfaceOrientationLandscapeRight";
				INFOPLIST_KEY_UISupportedInterfaceOrientations_iPhone = "UIInterfaceOrientationPortrait UIInterfaceOrientationLandscapeLeft UIInterfaceOrientationLandscapeRight";
				IPHONEOS_DEPLOYMENT_TARGET = 15.6;
				LD_RUNPATH_SEARCH_PATHS = (
					"$(inherited)",
					"@executable_path/Frameworks",
				);
				MARKETING_VERSION = 1.0;
				PRODUCT_BUNDLE_IDENTIFIER = me.jules.MyTestApp;
				PRODUCT_NAME = "$(TARGET_NAME)";
				SWIFT_EMIT_LOC_STRINGS = YES;
				SWIFT_VERSION = 5.0;
				TARGETED_DEVICE_FAMILY = "1,2";
			};
			name = Release;
		};
		171B53952E53A6BB002A72FB /* Debug */ = {
			isa = XCBuildConfiguration;
			buildSettings = {
				BUNDLE_LOADER = "$(TEST_HOST)";
				CODE_SIGN_STYLE = Automatic;
				CURRENT_PROJECT_VERSION = 1;
				DEVELOPMENT_TEAM = D38CT2GDC2;
				GENERATE_INFOPLIST_FILE = YES;
				IPHONEOS_DEPLOYMENT_TARGET = 18.5;
				MARKETING_VERSION = 1.0;
				PRODUCT_BUNDLE_IDENTIFIER = "me.jules.My-Test-AppTests";
				PRODUCT_NAME = "$(TARGET_NAME)";
				SWIFT_EMIT_LOC_STRINGS = NO;
				SWIFT_VERSION = 5.0;
				TARGETED_DEVICE_FAMILY = "1,2";
				TEST_HOST = "$(BUILT_PRODUCTS_DIR)/Shiori (栞).app/$(BUNDLE_EXECUTABLE_FOLDER_PATH)/Shiori (栞)";
			};
			name = Debug;
		};
		171B53962E53A6BB002A72FB /* Release */ = {
			isa = XCBuildConfiguration;
			buildSettings = {
				BUNDLE_LOADER = "$(TEST_HOST)";
				CODE_SIGN_STYLE = Automatic;
				CURRENT_PROJECT_VERSION = 1;
				DEVELOPMENT_TEAM = D38CT2GDC2;
				GENERATE_INFOPLIST_FILE = YES;
				IPHONEOS_DEPLOYMENT_TARGET = 18.5;
				MARKETING_VERSION = 1.0;
				PRODUCT_BUNDLE_IDENTIFIER = "me.jules.My-Test-AppTests";
				PRODUCT_NAME = "$(TARGET_NAME)";
				SWIFT_EMIT_LOC_STRINGS = NO;
				SWIFT_VERSION = 5.0;
				TARGETED_DEVICE_FAMILY = "1,2";
				TEST_HOST = "$(BUILT_PRODUCTS_DIR)/Shiori (栞).app/$(BUNDLE_EXECUTABLE_FOLDER_PATH)/Shiori (栞)";
			};
			name = Release;
		};
		171B53982E53A6BB002A72FB /* Debug */ = {
			isa = XCBuildConfiguration;
			buildSettings = {
				CODE_SIGN_STYLE = Automatic;
				CURRENT_PROJECT_VERSION = 1;
				DEVELOPMENT_TEAM = D38CT2GDC2;
				GENERATE_INFOPLIST_FILE = YES;
				MARKETING_VERSION = 1.0;
				PRODUCT_BUNDLE_IDENTIFIER = "me.jules.My-Test-AppUITests";
				PRODUCT_NAME = "$(TARGET_NAME)";
				SWIFT_EMIT_LOC_STRINGS = NO;
				SWIFT_VERSION = 5.0;
				TARGETED_DEVICE_FAMILY = "1,2";
				TEST_TARGET_NAME = "My Test App";
			};
			name = Debug;
		};
		171B53992E53A6BB002A72FB /* Release */ = {
			isa = XCBuildConfiguration;
			buildSettings = {
				CODE_SIGN_STYLE = Automatic;
				CURRENT_PROJECT_VERSION = 1;
				DEVELOPMENT_TEAM = D38CT2GDC2;
				GENERATE_INFOPLIST_FILE = YES;
				MARKETING_VERSION = 1.0;
				PRODUCT_BUNDLE_IDENTIFIER = "me.jules.My-Test-AppUITests";
				PRODUCT_NAME = "$(TARGET_NAME)";
				SWIFT_EMIT_LOC_STRINGS = NO;
				SWIFT_VERSION = 5.0;
				TARGETED_DEVICE_FAMILY = "1,2";
				TEST_TARGET_NAME = "My Test App";
			};
			name = Release;
		};
/* End XCBuildConfiguration section */

/* Begin XCConfigurationList section */
		171B536B2E53A6BA002A72FB /* Build configuration list for PBXProject "Shiori (栞)" */ = {
			isa = XCConfigurationList;
			buildConfigurations = (
				171B538F2E53A6BB002A72FB /* Debug */,
				171B53902E53A6BB002A72FB /* Release */,
			);
			defaultConfigurationIsVisible = 0;
			defaultConfigurationName = Release;
		};
		171B53912E53A6BB002A72FB /* Build configuration list for PBXNativeTarget "Shiori (栞)" */ = {
			isa = XCConfigurationList;
			buildConfigurations = (
				171B53922E53A6BB002A72FB /* Debug */,
				171B53932E53A6BB002A72FB /* Release */,
			);
			defaultConfigurationIsVisible = 0;
			defaultConfigurationName = Release;
		};
		171B53942E53A6BB002A72FB /* Build configuration list for PBXNativeTarget "Shiori (栞)Tests" */ = {
			isa = XCConfigurationList;
			buildConfigurations = (
				171B53952E53A6BB002A72FB /* Debug */,
				171B53962E53A6BB002A72FB /* Release */,
			);
			defaultConfigurationIsVisible = 0;
			defaultConfigurationName = Release;
		};
		171B53972E53A6BB002A72FB /* Build configuration list for PBXNativeTarget "Shiori (栞)UITests" */ = {
			isa = XCConfigurationList;
			buildConfigurations = (
				171B53982E53A6BB002A72FB /* Debug */,
				171B53992E53A6BB002A72FB /* Release */,
			);
			defaultConfigurationIsVisible = 0;
			defaultConfigurationName = Release;
		};
/* End XCConfigurationList section */

/* Begin XCRemoteSwiftPackageReference section */
		171B53A42E54107F002A72FB /* XCRemoteSwiftPackageReference "SwiftSoup" */ = {
			isa = XCRemoteSwiftPackageReference;
			repositoryURL = "https://github.com/scinfu/SwiftSoup";
			requirement = {
				kind = upToNextMajorVersion;
				minimumVersion = 2.10.3;
			};
		};
/* End XCRemoteSwiftPackageReference section */

/* Begin XCSwiftPackageProductDependency section */
		171B53A52E54107F002A72FB /* SwiftSoup */ = {
			isa = XCSwiftPackageProductDependency;
			package = 171B53A42E54107F002A72FB /* XCRemoteSwiftPackageReference "SwiftSoup" */;
			productName = SwiftSoup;
		};
/* End XCSwiftPackageProductDependency section */
	};
	rootObject = 171B53682E53A6BA002A72FB /* Project object */;
}
