{
  "originHash" : "43d8136bb9f91e2f2ae12799ab31eed4a8e7e4dc5cdd8d687b0c3b1def0af100",
  "pins" : [
    {
      "identity" : "grdb.swift",
      "kind" : "remoteSourceControl",
      "location" : "https://github.com/groue/GRDB.swift.git",
      "state" : {
        "branch" : "master",
        "revision" : "3801ab9ac659d9eb57133629270e900444020e8e"
      }
    },
    {
      "identity" : "swiftsoup",
      "kind" : "remoteSourceControl",
      "location" : "https://github.com/scinfu/SwiftSoup",
      "state" : {
        "revision" : "3a439f9eccc391b264d54516ce640251552eb0c4",
        "version" : "2.10.3"
      }
    }
  ],
  "version" : 3
}
