{
  "originHash" : "7ed1966e3e00f1cc30964015f9aca1372b03fa405ea9aca1300a7bf1d858ba6a",
  "pins" : [
    {
      "identity" : "swiftsoup",
      "kind" : "remoteSourceControl",
      "location" : "https://github.com/scinfu/SwiftSoup",
      "state" : {
        "revision" : "3a439f9eccc391b264d54516ce640251552eb0c4",
        "version" : "2.10.3"
      }
    }
  ],
  "version" : 3
}
